// !$*UTF8*$!
{
	archiveVersion = 1;
	classes = {
	};
	objectVersion = 56;
	objects = {

/* Begin PBXBuildFile section */
		D2ED5E1A2A290C6800381A1E /* Assets.xcassets in Resources */ = {isa = PBXBuildFile; fileRef = D2ED5E192A290C6800381A1E /* Assets.xcassets */; };
		D2ED5E202A290C6800381A1E /* nOcAp MessagesExtension.appex in Embed Foundation Extensions */ = {isa = PBXBuildFile; fileRef = D2ED5E1F2A290C6800381A1E /* nOcAp MessagesExtension.appex */; settings = {ATTRIBUTES = (RemoveHeadersOnCopy, ); }; };
		D2ED5E252A290C6800381A1E /* Messages.framework in Frameworks */ = {isa = PBXBuildFile; fileRef = D2ED5E242A290C6800381A1E /* Messages.framework */; };
		D2ED5E282A290C6800381A1E /* MessagesViewController.swift in Sources */ = {isa = PBXBuildFile; fileRef = D2ED5E272A290C6800381A1E /* MessagesViewController.swift */; };
		D2ED5E2B2A290C6800381A1E /* MainInterface.storyboard in Resources */ = {isa = PBXBuildFile; fileRef = D2ED5E292A290C6800381A1E /* MainInterface.storyboard */; };
		D2ED5E2D2A290C6900381A1E /* Assets.xcassets in Resources */ = {isa = PBXBuildFile; fileRef = D2ED5E2C2A290C6900381A1E /* Assets.xcassets */; };
/* End PBXBuildFile section */

/* Begin PBXContainerItemProxy section */
		D2ED5E212A290C6800381A1E /* PBXContainerItemProxy */ = {
			isa = PBXContainerItemProxy;
			containerPortal = D2ED5E102A290C6600381A1E /* Project object */;
			proxyType = 1;
			remoteGlobalIDString = D2ED5E1E2A290C6800381A1E;
			remoteInfo = "nOcAp MessagesExtension";
		};
/* End PBXContainerItemProxy section */

/* Begin PBXCopyFilesBuildPhase section */
		D2ED5E342A290C6900381A1E /* Embed Foundation Extensions */ = {
			isa = PBXCopyFilesBuildPhase;
			buildActionMask = 2147483647;
			dstPath = "";
			dstSubfolderSpec = 13;
			files = (
				D2ED5E202A290C6800381A1E /* nOcAp MessagesExtension.appex in Embed Foundation Extensions */,
			);
			name = "Embed Foundation Extensions";
			runOnlyForDeploymentPostprocessing = 0;
		};
/* End PBXCopyFilesBuildPhase section */

/* Begin PBXFileReference section */
		D2ED5E162A290C6600381A1E /* nOcAp.app */ = {isa = PBXFileReference; explicitFileType = wrapper.application; includeInIndex = 0; path = nOcAp.app; sourceTree = BUILT_PRODUCTS_DIR; };
		D2ED5E192A290C6800381A1E /* Assets.xcassets */ = {isa = PBXFileReference; lastKnownFileType = folder.assetcatalog; path = Assets.xcassets; sourceTree = "<group>"; };
		D2ED5E1F2A290C6800381A1E /* nOcAp MessagesExtension.appex */ = {isa = PBXFileReference; explicitFileType = "wrapper.app-extension"; includeInIndex = 0; path = "nOcAp MessagesExtension.appex"; sourceTree = BUILT_PRODUCTS_DIR; };
		D2ED5E242A290C6800381A1E /* Messages.framework */ = {isa = PBXFileReference; lastKnownFileType = wrapper.framework; name = Messages.framework; path = System/Library/Frameworks/Messages.framework; sourceTree = SDKROOT; };
		D2ED5E272A290C6800381A1E /* MessagesViewController.swift */ = {isa = PBXFileReference; lastKnownFileType = sourcecode.swift; path = MessagesViewController.swift; sourceTree = "<group>"; };
		D2ED5E2A2A290C6800381A1E /* Base */ = {isa = PBXFileReference; lastKnownFileType = file.storyboard; name = Base; path = Base.lproj/MainInterface.storyboard; sourceTree = "<group>"; };
		D2ED5E2C2A290C6900381A1E /* Assets.xcassets */ = {isa = PBXFileReference; lastKnownFileType = folder.assetcatalog; path = Assets.xcassets; sourceTree = "<group>"; };
		D2ED5E2E2A290C6900381A1E /* Info.plist */ = {isa = PBXFileReference; lastKnownFileType = text.plist.xml; path = Info.plist; sourceTree = "<group>"; };
		D2ED5E382A29235E00381A1E /* nOcAp MessagesExtension.entitlements */ = {isa = PBXFileReference; lastKnownFileType = text.plist.entitlements; path = "nOcAp MessagesExtension.entitlements"; sourceTree = "<group>"; };
/* End PBXFileReference section */

/* Begin PBXFrameworksBuildPhase section */
		D2ED5E1C2A290C6800381A1E /* Frameworks */ = {
			isa = PBXFrameworksBuildPhase;
			buildActionMask = 2147483647;
			files = (
				D2ED5E252A290C6800381A1E /* Messages.framework in Frameworks */,
			);
			runOnlyForDeploymentPostprocessing = 0;
		};
/* End PBXFrameworksBuildPhase section */

/* Begin PBXGroup section */
		D2ED5E0F2A290C6600381A1E = {
			isa = PBXGroup;
			children = (
				D2ED5E182A290C6600381A1E /* nOcAp */,
				D2ED5E262A290C6800381A1E /* nOcAp MessagesExtension */,
				D2ED5E232A290C6800381A1E /* Frameworks */,
				D2ED5E172A290C6600381A1E /* Products */,
			);
			sourceTree = "<group>";
		};
		D2ED5E172A290C6600381A1E /* Products */ = {
			isa = PBXGroup;
			children = (
				D2ED5E162A290C6600381A1E /* nOcAp.app */,
				D2ED5E1F2A290C6800381A1E /* nOcAp MessagesExtension.appex */,
			);
			name = Products;
			sourceTree = "<group>";
		};
		D2ED5E182A290C6600381A1E /* nOcAp */ = {
			isa = PBXGroup;
			children = (
				D2ED5E192A290C6800381A1E /* Assets.xcassets */,
			);
			path = nOcAp;
			sourceTree = "<group>";
		};
		D2ED5E232A290C6800381A1E /* Frameworks */ = {
			isa = PBXGroup;
			children = (
				D2ED5E242A290C6800381A1E /* Messages.framework */,
			);
			name = Frameworks;
			sourceTree = "<group>";
		};
		D2ED5E262A290C6800381A1E /* nOcAp MessagesExtension */ = {
			isa = PBXGroup;
			children = (
				D2ED5E382A29235E00381A1E /* nOcAp MessagesExtension.entitlements */,
				D2ED5E272A290C6800381A1E /* MessagesViewController.swift */,
				D2ED5E292A290C6800381A1E /* MainInterface.storyboard */,
				D2ED5E2C2A290C6900381A1E /* Assets.xcassets */,
				D2ED5E2E2A290C6900381A1E /* Info.plist */,
			);
			path = "nOcAp MessagesExtension";
			sourceTree = "<group>";
		};
/* End PBXGroup section */

/* Begin PBXNativeTarget section */
		D2ED5E152A290C6600381A1E /* nOcAp */ = {
			isa = PBXNativeTarget;
			buildConfigurationList = D2ED5E352A290C6900381A1E /* Build configuration list for PBXNativeTarget "nOcAp" */;
			buildPhases = (
				D2ED5E142A290C6600381A1E /* Resources */,
				D2ED5E342A290C6900381A1E /* Embed Foundation Extensions */,
			);
			buildRules = (
			);
			dependencies = (
				D2ED5E222A290C6800381A1E /* PBXTargetDependency */,
			);
			name = nOcAp;
			productName = nOcAp;
			productReference = D2ED5E162A290C6600381A1E /* nOcAp.app */;
			productType = "com.apple.product-type.application.messages";
		};
		D2ED5E1E2A290C6800381A1E /* nOcAp MessagesExtension */ = {
			isa = PBXNativeTarget;
			buildConfigurationList = D2ED5E312A290C6900381A1E /* Build configuration list for PBXNativeTarget "nOcAp MessagesExtension" */;
			buildPhases = (
				D2ED5E1B2A290C6800381A1E /* Sources */,
				D2ED5E1C2A290C6800381A1E /* Frameworks */,
				D2ED5E1D2A290C6800381A1E /* Resources */,
			);
			buildRules = (
			);
			dependencies = (
			);
			name = "nOcAp MessagesExtension";
			productName = "nOcAp MessagesExtension";
			productReference = D2ED5E1F2A290C6800381A1E /* nOcAp MessagesExtension.appex */;
			productType = "com.apple.product-type.app-extension.messages";
		};
/* End PBXNativeTarget section */

/* Begin PBXProject section */
		D2ED5E102A290C6600381A1E /* Project object */ = {
			isa = PBXProject;
			attributes = {
				BuildIndependentTargetsInParallel = 1;
				LastSwiftUpdateCheck = 1430;
				LastUpgradeCheck = 1430;
				TargetAttributes = {
					D2ED5E152A290C6600381A1E = {
						CreatedOnToolsVersion = 14.3;
					};
					D2ED5E1E2A290C6800381A1E = {
						CreatedOnToolsVersion = 14.3;
					};
				};
			};
			buildConfigurationList = D2ED5E132A290C6600381A1E /* Build configuration list for PBXProject "nOcAp" */;
			compatibilityVersion = "Xcode 14.0";
			developmentRegion = en;
			hasScannedForEncodings = 0;
			knownRegions = (
				en,
				Base,
			);
			mainGroup = D2ED5E0F2A290C6600381A1E;
			productRefGroup = D2ED5E172A290C6600381A1E /* Products */;
			projectDirPath = "";
			projectRoot = "";
			targets = (
				D2ED5E152A290C6600381A1E /* nOcAp */,
				D2ED5E1E2A290C6800381A1E /* nOcAp MessagesExtension */,
			);
		};
/* End PBXProject section */

/* Begin PBXResourcesBuildPhase section */
		D2ED5E142A290C6600381A1E /* Resources */ = {
			isa = PBXResourcesBuildPhase;
			buildActionMask = 2147483647;
			files = (
				D2ED5E1A2A290C6800381A1E /* Assets.xcassets in Resources */,
			);
			runOnlyForDeploymentPostprocessing = 0;
		};
		D2ED5E1D2A290C6800381A1E /* Resources */ = {
			isa = PBXResourcesBuildPhase;
			buildActionMask = 2147483647;
			files = (
				D2ED5E2D2A290C6900381A1E /* Assets.xcassets in Resources */,
				D2ED5E2B2A290C6800381A1E /* MainInterface.storyboard in Resources */,
			);
			runOnlyForDeploymentPostprocessing = 0;
		};
/* End PBXResourcesBuildPhase section */

/* Begin PBXSourcesBuildPhase section */
		D2ED5E1B2A290C6800381A1E /* Sources */ = {
			isa = PBXSourcesBuildPhase;
			buildActionMask = 2147483647;
			files = (
				D2ED5E282A290C6800381A1E /* MessagesViewController.swift in Sources */,
			);
			runOnlyForDeploymentPostprocessing = 0;
		};
/* End PBXSourcesBuildPhase section */

/* Begin PBXTargetDependency section */
		D2ED5E222A290C6800381A1E /* PBXTargetDependency */ = {
			isa = PBXTargetDependency;
			target = D2ED5E1E2A290C6800381A1E /* nOcAp MessagesExtension */;
			targetProxy = D2ED5E212A290C6800381A1E /* PBXContainerItemProxy */;
		};
/* End PBXTargetDependency section */

/* Begin PBXVariantGroup section */
		D2ED5E292A290C6800381A1E /* MainInterface.storyboard */ = {
			isa = PBXVariantGroup;
			children = (
				D2ED5E2A2A290C6800381A1E /* Base */,
			);
			name = MainInterface.storyboard;
			sourceTree = "<group>";
		};
/* End PBXVariantGroup section */

/* Begin XCBuildConfiguration section */
		D2ED5E2F2A290C6900381A1E /* Debug */ = {
			isa = XCBuildConfiguration;
			buildSettings = {
				ALWAYS_SEARCH_USER_PATHS = NO;
				CLANG_ANALYZER_NONNULL = YES;
				CLANG_ANALYZER_NUMBER_OBJECT_CONVERSION = YES_AGGRESSIVE;
				CLANG_CXX_LANGUAGE_STANDARD = "gnu++20";
				CLANG_ENABLE_MODULES = YES;
				CLANG_ENABLE_OBJC_ARC = YES;
				CLANG_ENABLE_OBJC_WEAK = YES;
				CLANG_WARN_BLOCK_CAPTURE_AUTORELEASING = YES;
				CLANG_WARN_BOOL_CONVERSION = YES;
				CLANG_WARN_COMMA = YES;
				CLANG_WARN_CONSTANT_CONVERSION = YES;
				CLANG_WARN_DEPRECATED_OBJC_IMPLEMENTATIONS = YES;
				CLANG_WARN_DIRECT_OBJC_ISA_USAGE = YES_ERROR;
				CLANG_WARN_DOCUMENTATION_COMMENTS = YES;
				CLANG_WARN_EMPTY_BODY = YES;
				CLANG_WARN_ENUM_CONVERSION = YES;
				CLANG_WARN_INFINITE_RECURSION = YES;
				CLANG_WARN_INT_CONVERSION = YES;
				CLANG_WARN_NON_LITERAL_NULL_CONVERSION = YES;
				CLANG_WARN_OBJC_IMPLICIT_RETAIN_SELF = YES;
				CLANG_WARN_OBJC_LITERAL_CONVERSION = YES;
				CLANG_WARN_OBJC_ROOT_CLASS = YES_ERROR;
				CLANG_WARN_QUOTED_INCLUDE_IN_FRAMEWORK_HEADER = YES;
				CLANG_WARN_RANGE_LOOP_ANALYSIS = YES;
				CLANG_WARN_STRICT_PROTOTYPES = YES;
				CLANG_WARN_SUSPICIOUS_MOVE = YES;
				CLANG_WARN_UNGUARDED_AVAILABILITY = YES_AGGRESSIVE;
				CLANG_WARN_UNREACHABLE_CODE = YES;
				CLANG_WARN__DUPLICATE_METHOD_MATCH = YES;
				COPY_PHASE_STRIP = NO;
				DEBUG_INFORMATION_FORMAT = dwarf;
				ENABLE_STRICT_OBJC_MSGSEND = YES;
				ENABLE_TESTABILITY = YES;
				GCC_C_LANGUAGE_STANDARD = gnu11;
				GCC_DYNAMIC_NO_PIC = NO;
				GCC_NO_COMMON_BLOCKS = YES;
				GCC_OPTIMIZATION_LEVEL = 0;
				GCC_PREPROCESSOR_DEFINITIONS = (
					"DEBUG=1",
					"$(inherited)",
				);
				GCC_WARN_64_TO_32_BIT_CONVERSION = YES;
				GCC_WARN_ABOUT_RETURN_TYPE = YES_ERROR;
				GCC_WARN_UNDECLARED_SELECTOR = YES;
				GCC_WARN_UNINITIALIZED_AUTOS = YES_AGGRESSIVE;
				GCC_WARN_UNUSED_FUNCTION = YES;
				GCC_WARN_UNUSED_VARIABLE = YES;
				IPHONEOS_DEPLOYMENT_TARGET = 16.4;
				MTL_ENABLE_DEBUG_INFO = INCLUDE_SOURCE;
				MTL_FAST_MATH = YES;
				ONLY_ACTIVE_ARCH = YES;
				SDKROOT = iphoneos;
				SWIFT_ACTIVE_COMPILATION_CONDITIONS = DEBUG;
				SWIFT_OPTIMIZATION_LEVEL = "-Onone";
			};
			name = Debug;
		};
		D2ED5E302A290C6900381A1E /* Release */ = {
			isa = XCBuildConfiguration;
			buildSettings = {
				ALWAYS_SEARCH_USER_PATHS = NO;
				CLANG_ANALYZER_NONNULL = YES;
				CLANG_ANALYZER_NUMBER_OBJECT_CONVERSION = YES_AGGRESSIVE;
				CLANG_CXX_LANGUAGE_STANDARD = "gnu++20";
				CLANG_ENABLE_MODULES = YES;
				CLANG_ENABLE_OBJC_ARC = YES;
				CLANG_ENABLE_OBJC_WEAK = YES;
				CLANG_WARN_BLOCK_CAPTURE_AUTORELEASING = YES;
				CLANG_WARN_BOOL_CONVERSION = YES;
				CLANG_WARN_COMMA = YES;
				CLANG_WARN_CONSTANT_CONVERSION = YES;
				CLANG_WARN_DEPRECATED_OBJC_IMPLEMENTATIONS = YES;
				CLANG_WARN_DIRECT_OBJC_ISA_USAGE = YES_ERROR;
				CLANG_WARN_DOCUMENTATION_COMMENTS = YES;
				CLANG_WARN_EMPTY_BODY = YES;
				CLANG_WARN_ENUM_CONVERSION = YES;
				CLANG_WARN_INFINITE_RECURSION = YES;
				CLANG_WARN_INT_CONVERSION = YES;
				CLANG_WARN_NON_LITERAL_NULL_CONVERSION = YES;
				CLANG_WARN_OBJC_IMPLICIT_RETAIN_SELF = YES;
				CLANG_WARN_OBJC_LITERAL_CONVERSION = YES;
				CLANG_WARN_OBJC_ROOT_CLASS = YES_ERROR;
				CLANG_WARN_QUOTED_INCLUDE_IN_FRAMEWORK_HEADER = YES;
				CLANG_WARN_RANGE_LOOP_ANALYSIS = YES;
				CLANG_WARN_STRICT_PROTOTYPES = YES;
				CLANG_WARN_SUSPICIOUS_MOVE = YES;
				CLANG_WARN_UNGUARDED_AVAILABILITY = YES_AGGRESSIVE;
				CLANG_WARN_UNREACHABLE_CODE = YES;
				CLANG_WARN__DUPLICATE_METHOD_MATCH = YES;
				COPY_PHASE_STRIP = NO;
				DEBUG_INFORMATION_FORMAT = "dwarf-with-dsym";
				ENABLE_NS_ASSERTIONS = NO;
				ENABLE_STRICT_OBJC_MSGSEND = YES;
				GCC_C_LANGUAGE_STANDARD = gnu11;
				GCC_NO_COMMON_BLOCKS = YES;
				GCC_WARN_64_TO_32_BIT_CONVERSION = YES;
				GCC_WARN_ABOUT_RETURN_TYPE = YES_ERROR;
				GCC_WARN_UNDECLARED_SELECTOR = YES;
				GCC_WARN_UNINITIALIZED_AUTOS = YES_AGGRESSIVE;
				GCC_WARN_UNUSED_FUNCTION = YES;
				GCC_WARN_UNUSED_VARIABLE = YES;
				IPHONEOS_DEPLOYMENT_TARGET = 16.4;
				MTL_ENABLE_DEBUG_INFO = NO;
				MTL_FAST_MATH = YES;
				SDKROOT = iphoneos;
				SWIFT_COMPILATION_MODE = wholemodule;
				SWIFT_OPTIMIZATION_LEVEL = "-O";
				VALIDATE_PRODUCT = YES;
			};
			name = Release;
		};
		D2ED5E322A290C6900381A1E /* Debug */ = {
			isa = XCBuildConfiguration;
			buildSettings = {
				ASSETCATALOG_COMPILER_APPICON_NAME = "iMessage App Icon";
				CODE_SIGN_ENTITLEMENTS = "nOcAp MessagesExtension/nOcAp MessagesExtension.entitlements";
				CODE_SIGN_STYLE = Automatic;
				CURRENT_PROJECT_VERSION = 1;
				DEVELOPMENT_TEAM = 5N28K5VRAQ;
				GENERATE_INFOPLIST_FILE = YES;
				INFOPLIST_FILE = "nOcAp MessagesExtension/Info.plist";
				INFOPLIST_KEY_CFBundleDisplayName = nOcAp;
				INFOPLIST_KEY_NSHumanReadableCopyright = "";
				LD_RUNPATH_SEARCH_PATHS = (
					"$(inherited)",
					"@executable_path/Frameworks",
					"@executable_path/../../Frameworks",
				);
				MARKETING_VERSION = 1.0;
				PRODUCT_BUNDLE_IDENTIFIER = io.PocketArt.nOcAp.MessagesExtension;
				PRODUCT_NAME = "$(TARGET_NAME)";
				SKIP_INSTALL = YES;
				SWIFT_EMIT_LOC_STRINGS = YES;
				SWIFT_VERSION = 5.0;
				TARGETED_DEVICE_FAMILY = "1,2";
			};
			name = Debug;
		};
		D2ED5E332A290C6900381A1E /* Release */ = {
			isa = XCBuildConfiguration;
			buildSettings = {
				ASSETCATALOG_COMPILER_APPICON_NAME = "iMessage App Icon";
				CODE_SIGN_ENTITLEMENTS = "nOcAp MessagesExtension/nOcAp MessagesExtension.entitlements";
				CODE_SIGN_STYLE = Automatic;
				CURRENT_PROJECT_VERSION = 1;
				DEVELOPMENT_TEAM = 5N28K5VRAQ;
				GENERATE_INFOPLIST_FILE = YES;
				INFOPLIST_FILE = "nOcAp MessagesExtension/Info.plist";
				INFOPLIST_KEY_CFBundleDisplayName = nOcAp;
				INFOPLIST_KEY_NSHumanReadableCopyright = "";
				LD_RUNPATH_SEARCH_PATHS = (
					"$(inherited)",
					"@executable_path/Frameworks",
					"@executable_path/../../Frameworks",
				);
				MARKETING_VERSION = 1.0;
				PRODUCT_BUNDLE_IDENTIFIER = io.PocketArt.nOcAp.MessagesExtension;
				PRODUCT_NAME = "$(TARGET_NAME)";
				SKIP_INSTALL = YES;
				SWIFT_EMIT_LOC_STRINGS = YES;
				SWIFT_VERSION = 5.0;
				TARGETED_DEVICE_FAMILY = "1,2";
			};
			name = Release;
		};
		D2ED5E362A290C6900381A1E /* Debug */ = {
			isa = XCBuildConfiguration;
			buildSettings = {
				ALWAYS_EMBED_SWIFT_STANDARD_LIBRARIES = YES;
				ASSETCATALOG_COMPILER_APPICON_NAME = AppIcon;
				CODE_SIGN_STYLE = Automatic;
				CURRENT_PROJECT_VERSION = 1;
				DEVELOPMENT_TEAM = 5N28K5VRAQ;
				GENERATE_INFOPLIST_FILE = YES;
				INFOPLIST_KEY_UILaunchStoryboardName = LaunchScreen;
				INFOPLIST_KEY_UISupportedInterfaceOrientations_iPad = "UIInterfaceOrientationPortrait UIInterfaceOrientationPortraitUpsideDown UIInterfaceOrientationLandscapeLeft UIInterfaceOrientationLandscapeRight";
				INFOPLIST_KEY_UISupportedInterfaceOrientations_iPhone = "UIInterfaceOrientationPortrait UIInterfaceOrientationLandscapeLeft UIInterfaceOrientationLandscapeRight";
				MARKETING_VERSION = 1.0;
				PRODUCT_BUNDLE_IDENTIFIER = io.PocketArt.nOcAp;
				PRODUCT_NAME = "$(TARGET_NAME)";
				SWIFT_EMIT_LOC_STRINGS = YES;
				SWIFT_VERSION = 5.7;
				TARGETED_DEVICE_FAMILY = "1,2";
			};
			name = Debug;
		};
		D2ED5E372A290C6900381A1E /* Release */ = {
			isa = XCBuildConfiguration;
			buildSettings = {
				ALWAYS_EMBED_SWIFT_STANDARD_LIBRARIES = YES;
				ASSETCATALOG_COMPILER_APPICON_NAME = AppIcon;
				CODE_SIGN_STYLE = Automatic;
				CURRENT_PROJECT_VERSION = 1;
				DEVELOPMENT_TEAM = 5N28K5VRAQ;
				GENERATE_INFOPLIST_FILE = YES;
				INFOPLIST_KEY_UILaunchStoryboardName = LaunchScreen;
				INFOPLIST_KEY_UISupportedInterfaceOrientations_iPad = "UIInterfaceOrientationPortrait UIInterfaceOrientationPortraitUpsideDown UIInterfaceOrientationLandscapeLeft UIInterfaceOrientationLandscapeRight";
				INFOPLIST_KEY_UISupportedInterfaceOrientations_iPhone = "UIInterfaceOrientationPortrait UIInterfaceOrientationLandscapeLeft UIInterfaceOrientationLandscapeRight";
				MARKETING_VERSION = 1.0;
				PRODUCT_BUNDLE_IDENTIFIER = io.PocketArt.nOcAp;
				PRODUCT_NAME = "$(TARGET_NAME)";
				SWIFT_EMIT_LOC_STRINGS = YES;
				SWIFT_VERSION = 5.7;
				TARGETED_DEVICE_FAMILY = "1,2";
			};
			name = Release;
		};
/* End XCBuildConfiguration section */

/* Begin XCConfigurationList section */
		D2ED5E132A290C6600381A1E /* Build configuration list for PBXProject "nOcAp" */ = {
			isa = XCConfigurationList;
			buildConfigurations = (
				D2ED5E2F2A290C6900381A1E /* Debug */,
				D2ED5E302A290C6900381A1E /* Release */,
			);
			defaultConfigurationIsVisible = 0;
			defaultConfigurationName = Release;
		};
		D2ED5E312A290C6900381A1E /* Build configuration list for PBXNativeTarget "nOcAp MessagesExtension" */ = {
			isa = XCConfigurationList;
			buildConfigurations = (
				D2ED5E322A290C6900381A1E /* Debug */,
				D2ED5E332A290C6900381A1E /* Release */,
			);
			defaultConfigurationIsVisible = 0;
			defaultConfigurationName = Release;
		};
		D2ED5E352A290C6900381A1E /* Build configuration list for PBXNativeTarget "nOcAp" */ = {
			isa = XCConfigurationList;
			buildConfigurations = (
				D2ED5E362A290C6900381A1E /* Debug */,
				D2ED5E372A290C6900381A1E /* Release */,
			);
			defaultConfigurationIsVisible = 0;
			defaultConfigurationName = Release;
		};
/* End XCConfigurationList section */
	};
	rootObject = D2ED5E102A290C6600381A1E /* Project object */;
}
